
Microsoft Visual Studio Solution File, Format Version 12.00
# Visual Studio Version 17
VisualStudioVersion = 17.8.34525.116
MinimumVisualStudioVersion = 10.0.40219.1
Project("{FAE04EC0-301F-11D3-BF4B-00C04F79EFBC}") = "Workaround", "Workaround\Workaround.csproj", "{BDF2265A-A3D2-422C-B158-DD358FD2833C}"
EndProject
Project("{FAE04EC0-301F-11D3-BF4B-00C04F79EFBC}") = "Entities", "Entities\Entities.csproj", "{DA22E300-4405-44D2-829A-B3E19C4B0373}"
EndProject
Project("{FAE04EC0-301F-11D3-BF4B-00C04F79EFBC}") = "Business", "Business\Business.csproj", "{24BF3B1A-9DC8-4C6A-B34E-AC299DEE92D2}"
EndProject
Global
	GlobalSection(SolutionConfigurationPlatforms) = preSolution
		Debug|Any CPU = Debug|Any CPU
		Release|Any CPU = Release|Any CPU
	EndGlobalSection
	GlobalSection(ProjectConfigurationPlatforms) = postSolution
		{BDF2265A-A3D2-422C-B158-DD358FD2833C}.Debug|Any CPU.ActiveCfg = Debug|Any CPU
		{BDF2265A-A3D2-422C-B158-DD358FD2833C}.Debug|Any CPU.Build.0 = Debug|Any CPU
		{BDF2265A-A3D2-422C-B158-DD358FD2833C}.Release|Any CPU.ActiveCfg = Release|Any CPU
		{BDF2265A-A3D2-422C-B158-DD358FD2833C}.Release|Any CPU.Build.0 = Release|Any CPU
		{DA22E300-4405-44D2-829A-B3E19C4B0373}.Debug|Any CPU.ActiveCfg = Debug|Any CPU
		{DA22E300-4405-44D2-829A-B3E19C4B0373}.Debug|Any CPU.Build.0 = Debug|Any CPU
		{DA22E300-4405-44D2-829A-B3E19C4B0373}.Release|Any CPU.ActiveCfg = Release|Any CPU
		{DA22E300-4405-44D2-829A-B3E19C4B0373}.Release|Any CPU.Build.0 = Release|Any CPU
		{24BF3B1A-9DC8-4C6A-B34E-AC299DEE92D2}.Debug|Any CPU.ActiveCfg = Debug|Any CPU
		{24BF3B1A-9DC8-4C6A-B34E-AC299DEE92D2}.Debug|Any CPU.Build.0 = Debug|Any CPU
		{24BF3B1A-9DC8-4C6A-B34E-AC299DEE92D2}.Release|Any CPU.ActiveCfg = Release|Any CPU
		{24BF3B1A-9DC8-4C6A-B34E-AC299DEE92D2}.Release|Any CPU.Build.0 = Release|Any CPU
	EndGlobalSection
	GlobalSection(SolutionProperties) = preSolution
		HideSolutionNode = FALSE
	EndGlobalSection
	GlobalSection(ExtensibilityGlobals) = postSolution
		SolutionGuid = {05167FD6-1BD9-4911-A3BA-0AE7005825EA}
	EndGlobalSection
EndGlobal
